PODS:
  - Alamofire (4.7.3)
  - SnapKit (4.0.1)

DEPENDENCIES:
  - Alamofire
  - SnapKit

SPEC REPOS:
  trunk:
    - Alamofire
    - SnapKit

SPEC CHECKSUMS:
  Alamofire: c7287b6e5d7da964a70935e5db17046b7fde6568
  SnapKit: 0de968a9fec17499afa29683b05d0c775b6d1c29

PODFILE CHECKSUM: 82a694f213cc8d60103662f50c37f2c1b92739a4

COCOAPODS: 1.10.1
