// !$*UTF8*$!
{
	archiveVersion = 1;
	classes = {
	};
	objectVersion = 50;
	objects = {

/* Begin PBXBuildFile section */
		8431573820A29DC900AE0A4E /* AlertAndActionViewController.swift in Sources */ = {isa = PBXBuildFile; fileRef = 8431573720A29DC900AE0A4E /* AlertAndActionViewController.swift */; };
		8431573A20A2E1C500AE0A4E /* ToolItem.xcassets in Resources */ = {isa = PBXBuildFile; fileRef = 8431573920A2E1C500AE0A4E /* ToolItem.xcassets */; };
		84BCDF4820A180C8007EDB08 /* WebDemoViewController.swift in Sources */ = {isa = PBXBuildFile; fileRef = 84BCDF4720A180C8007EDB08 /* WebDemoViewController.swift */; };
		84D5307820A5717C00598810 /* ScrollViewController.swift in Sources */ = {isa = PBXBuildFile; fileRef = 84D5307720A5717C00598810 /* ScrollViewController.swift */; };
		84E37BDF20A02D390031DEEE /* AppDelegate.swift in Sources */ = {isa = PBXBuildFile; fileRef = 84E37BDE20A02D390031DEEE /* AppDelegate.swift */; };
		84E37BE120A02D390031DEEE /* ViewController.swift in Sources */ = {isa = PBXBuildFile; fileRef = 84E37BE020A02D390031DEEE /* ViewController.swift */; };
		84E37BE420A02D390031DEEE /* Main.storyboard in Resources */ = {isa = PBXBuildFile; fileRef = 84E37BE220A02D390031DEEE /* Main.storyboard */; };
		84E37BE620A02D3B0031DEEE /* Assets.xcassets in Resources */ = {isa = PBXBuildFile; fileRef = 84E37BE520A02D3B0031DEEE /* Assets.xcassets */; };
		84E37BE920A02D3B0031DEEE /* LaunchScreen.storyboard in Resources */ = {isa = PBXBuildFile; fileRef = 84E37BE720A02D3B0031DEEE /* LaunchScreen.storyboard */; };
		84E37BF420A02D3B0031DEEE /* iOSDeveloperDemoTests.swift in Sources */ = {isa = PBXBuildFile; fileRef = 84E37BF320A02D3B0031DEEE /* iOSDeveloperDemoTests.swift */; };
		84E37BFF20A038760031DEEE /* TextViewController.swift in Sources */ = {isa = PBXBuildFile; fileRef = 84E37BFE20A038760031DEEE /* TextViewController.swift */; };
		84FA589320A41CC800C89323 /* DeviceInfo.swift in Sources */ = {isa = PBXBuildFile; fileRef = 84FA589220A41CC800C89323 /* DeviceInfo.swift */; };
/* End PBXBuildFile section */

/* Begin PBXContainerItemProxy section */
		84E37BF020A02D3B0031DEEE /* PBXContainerItemProxy */ = {
			isa = PBXContainerItemProxy;
			containerPortal = 84E37BD320A02D390031DEEE /* Project object */;
			proxyType = 1;
			remoteGlobalIDString = 84E37BDA20A02D390031DEEE;
			remoteInfo = iOSDeveloperDemo;
		};
/* End PBXContainerItemProxy section */

/* Begin PBXFileReference section */
		8431573720A29DC900AE0A4E /* AlertAndActionViewController.swift */ = {isa = PBXFileReference; lastKnownFileType = sourcecode.swift; path = AlertAndActionViewController.swift; sourceTree = "<group>"; };
		8431573920A2E1C500AE0A4E /* ToolItem.xcassets */ = {isa = PBXFileReference; lastKnownFileType = folder.assetcatalog; path = ToolItem.xcassets; sourceTree = "<group>"; };
		84BCDF4720A180C8007EDB08 /* WebDemoViewController.swift */ = {isa = PBXFileReference; lastKnownFileType = sourcecode.swift; path = WebDemoViewController.swift; sourceTree = "<group>"; };
		84D5307720A5717C00598810 /* ScrollViewController.swift */ = {isa = PBXFileReference; lastKnownFileType = sourcecode.swift; path = ScrollViewController.swift; sourceTree = "<group>"; };
		84E37BDB20A02D390031DEEE /* iOSDeveloperDemo.app */ = {isa = PBXFileReference; explicitFileType = wrapper.application; includeInIndex = 0; path = iOSDeveloperDemo.app; sourceTree = BUILT_PRODUCTS_DIR; };
		84E37BDE20A02D390031DEEE /* AppDelegate.swift */ = {isa = PBXFileReference; lastKnownFileType = sourcecode.swift; path = AppDelegate.swift; sourceTree = "<group>"; };
		84E37BE020A02D390031DEEE /* ViewController.swift */ = {isa = PBXFileReference; lastKnownFileType = sourcecode.swift; path = ViewController.swift; sourceTree = "<group>"; };
		84E37BE320A02D390031DEEE /* Base */ = {isa = PBXFileReference; lastKnownFileType = file.storyboard; name = Base; path = Base.lproj/Main.storyboard; sourceTree = "<group>"; };
		84E37BE520A02D3B0031DEEE /* Assets.xcassets */ = {isa = PBXFileReference; lastKnownFileType = folder.assetcatalog; path = Assets.xcassets; sourceTree = "<group>"; };
		84E37BE820A02D3B0031DEEE /* Base */ = {isa = PBXFileReference; lastKnownFileType = file.storyboard; name = Base; path = Base.lproj/LaunchScreen.storyboard; sourceTree = "<group>"; };
		84E37BEA20A02D3B0031DEEE /* Info.plist */ = {isa = PBXFileReference; lastKnownFileType = text.plist.xml; path = Info.plist; sourceTree = "<group>"; };
		84E37BEF20A02D3B0031DEEE /* iOSDeveloperDemoTests.xctest */ = {isa = PBXFileReference; explicitFileType = wrapper.cfbundle; includeInIndex = 0; path = iOSDeveloperDemoTests.xctest; sourceTree = BUILT_PRODUCTS_DIR; };
		84E37BF320A02D3B0031DEEE /* iOSDeveloperDemoTests.swift */ = {isa = PBXFileReference; lastKnownFileType = sourcecode.swift; path = iOSDeveloperDemoTests.swift; sourceTree = "<group>"; };
		84E37BF520A02D3B0031DEEE /* Info.plist */ = {isa = PBXFileReference; lastKnownFileType = text.plist.xml; path = Info.plist; sourceTree = "<group>"; };
		84E37BFE20A038760031DEEE /* TextViewController.swift */ = {isa = PBXFileReference; lastKnownFileType = sourcecode.swift; path = TextViewController.swift; sourceTree = "<group>"; };
		84FA589220A41CC800C89323 /* DeviceInfo.swift */ = {isa = PBXFileReference; lastKnownFileType = sourcecode.swift; path = DeviceInfo.swift; sourceTree = "<group>"; };
/* End PBXFileReference section */

/* Begin PBXFrameworksBuildPhase section */
		84E37BD820A02D390031DEEE /* Frameworks */ = {
			isa = PBXFrameworksBuildPhase;
			buildActionMask = 2147483647;
			files = (
			);
			runOnlyForDeploymentPostprocessing = 0;
		};
		84E37BEC20A02D3B0031DEEE /* Frameworks */ = {
			isa = PBXFrameworksBuildPhase;
			buildActionMask = 2147483647;
			files = (
			);
			runOnlyForDeploymentPostprocessing = 0;
		};
/* End PBXFrameworksBuildPhase section */

/* Begin PBXGroup section */
		84E37BD220A02D390031DEEE = {
			isa = PBXGroup;
			children = (
				8431573920A2E1C500AE0A4E /* ToolItem.xcassets */,
				84E37BDD20A02D390031DEEE /* iOSDeveloperDemo */,
				84E37BF220A02D3B0031DEEE /* iOSDeveloperDemoTests */,
				84E37BDC20A02D390031DEEE /* Products */,
			);
			sourceTree = "<group>";
		};
		84E37BDC20A02D390031DEEE /* Products */ = {
			isa = PBXGroup;
			children = (
				84E37BDB20A02D390031DEEE /* iOSDeveloperDemo.app */,
				84E37BEF20A02D3B0031DEEE /* iOSDeveloperDemoTests.xctest */,
			);
			name = Products;
			sourceTree = "<group>";
		};
		84E37BDD20A02D390031DEEE /* iOSDeveloperDemo */ = {
			isa = PBXGroup;
			children = (
				84E37BDE20A02D390031DEEE /* AppDelegate.swift */,
				84FA589220A41CC800C89323 /* DeviceInfo.swift */,
				84E37BE020A02D390031DEEE /* ViewController.swift */,
				84E37BFE20A038760031DEEE /* TextViewController.swift */,
				84BCDF4720A180C8007EDB08 /* WebDemoViewController.swift */,
				8431573720A29DC900AE0A4E /* AlertAndActionViewController.swift */,
				84D5307720A5717C00598810 /* ScrollViewController.swift */,
				84E37BE220A02D390031DEEE /* Main.storyboard */,
				84E37BE520A02D3B0031DEEE /* Assets.xcassets */,
				84E37BE720A02D3B0031DEEE /* LaunchScreen.storyboard */,
				84E37BEA20A02D3B0031DEEE /* Info.plist */,
			);
			path = iOSDeveloperDemo;
			sourceTree = "<group>";
		};
		84E37BF220A02D3B0031DEEE /* iOSDeveloperDemoTests */ = {
			isa = PBXGroup;
			children = (
				84E37BF320A02D3B0031DEEE /* iOSDeveloperDemoTests.swift */,
				84E37BF520A02D3B0031DEEE /* Info.plist */,
			);
			path = iOSDeveloperDemoTests;
			sourceTree = "<group>";
		};
/* End PBXGroup section */

/* Begin PBXNativeTarget section */
		84E37BDA20A02D390031DEEE /* iOSDeveloperDemo */ = {
			isa = PBXNativeTarget;
			buildConfigurationList = 84E37BF820A02D3B0031DEEE /* Build configuration list for PBXNativeTarget "iOSDeveloperDemo" */;
			buildPhases = (
				84E37BD720A02D390031DEEE /* Sources */,
				84E37BD820A02D390031DEEE /* Frameworks */,
				84E37BD920A02D390031DEEE /* Resources */,
			);
			buildRules = (
			);
			dependencies = (
			);
			name = iOSDeveloperDemo;
			productName = iOSDeveloperDemo;
			productReference = 84E37BDB20A02D390031DEEE /* iOSDeveloperDemo.app */;
			productType = "com.apple.product-type.application";
		};
		84E37BEE20A02D3B0031DEEE /* iOSDeveloperDemoTests */ = {
			isa = PBXNativeTarget;
			buildConfigurationList = 84E37BFB20A02D3B0031DEEE /* Build configuration list for PBXNativeTarget "iOSDeveloperDemoTests" */;
			buildPhases = (
				84E37BEB20A02D3B0031DEEE /* Sources */,
				84E37BEC20A02D3B0031DEEE /* Frameworks */,
				84E37BED20A02D3B0031DEEE /* Resources */,
			);
			buildRules = (
			);
			dependencies = (
				84E37BF120A02D3B0031DEEE /* PBXTargetDependency */,
			);
			name = iOSDeveloperDemoTests;
			productName = iOSDeveloperDemoTests;
			productReference = 84E37BEF20A02D3B0031DEEE /* iOSDeveloperDemoTests.xctest */;
			productType = "com.apple.product-type.bundle.unit-test";
		};
/* End PBXNativeTarget section */

/* Begin PBXProject section */
		84E37BD320A02D390031DEEE /* Project object */ = {
			isa = PBXProject;
			attributes = {
				LastSwiftUpdateCheck = 0930;
				LastUpgradeCheck = 0930;
				ORGANIZATIONNAME = Zoujie;
				TargetAttributes = {
					84E37BDA20A02D390031DEEE = {
						CreatedOnToolsVersion = 9.3;
					};
					84E37BEE20A02D3B0031DEEE = {
						CreatedOnToolsVersion = 9.3;
						TestTargetID = 84E37BDA20A02D390031DEEE;
					};
				};
			};
			buildConfigurationList = 84E37BD620A02D390031DEEE /* Build configuration list for PBXProject "iOSDeveloperDemo" */;
			compatibilityVersion = "Xcode 9.3";
			developmentRegion = en;
			hasScannedForEncodings = 0;
			knownRegions = (
				en,
				Base,
			);
			mainGroup = 84E37BD220A02D390031DEEE;
			productRefGroup = 84E37BDC20A02D390031DEEE /* Products */;
			projectDirPath = "";
			projectRoot = "";
			targets = (
				84E37BDA20A02D390031DEEE /* iOSDeveloperDemo */,
				84E37BEE20A02D3B0031DEEE /* iOSDeveloperDemoTests */,
			);
		};
/* End PBXProject section */

/* Begin PBXResourcesBuildPhase section */
		84E37BD920A02D390031DEEE /* Resources */ = {
			isa = PBXResourcesBuildPhase;
			buildActionMask = 2147483647;
			files = (
				84E37BE920A02D3B0031DEEE /* LaunchScreen.storyboard in Resources */,
				84E37BE620A02D3B0031DEEE /* Assets.xcassets in Resources */,
				8431573A20A2E1C500AE0A4E /* ToolItem.xcassets in Resources */,
				84E37BE420A02D390031DEEE /* Main.storyboard in Resources */,
			);
			runOnlyForDeploymentPostprocessing = 0;
		};
		84E37BED20A02D3B0031DEEE /* Resources */ = {
			isa = PBXResourcesBuildPhase;
			buildActionMask = 2147483647;
			files = (
			);
			runOnlyForDeploymentPostprocessing = 0;
		};
/* End PBXResourcesBuildPhase section */

/* Begin PBXSourcesBuildPhase section */
		84E37BD720A02D390031DEEE /* Sources */ = {
			isa = PBXSourcesBuildPhase;
			buildActionMask = 2147483647;
			files = (
				84BCDF4820A180C8007EDB08 /* WebDemoViewController.swift in Sources */,
				84FA589320A41CC800C89323 /* DeviceInfo.swift in Sources */,
				84E37BE120A02D390031DEEE /* ViewController.swift in Sources */,
				84D5307820A5717C00598810 /* ScrollViewController.swift in Sources */,
				8431573820A29DC900AE0A4E /* AlertAndActionViewController.swift in Sources */,
				84E37BDF20A02D390031DEEE /* AppDelegate.swift in Sources */,
				84E37BFF20A038760031DEEE /* TextViewController.swift in Sources */,
			);
			runOnlyForDeploymentPostprocessing = 0;
		};
		84E37BEB20A02D3B0031DEEE /* Sources */ = {
			isa = PBXSourcesBuildPhase;
			buildActionMask = 2147483647;
			files = (
				84E37BF420A02D3B0031DEEE /* iOSDeveloperDemoTests.swift in Sources */,
			);
			runOnlyForDeploymentPostprocessing = 0;
		};
/* End PBXSourcesBuildPhase section */

/* Begin PBXTargetDependency section */
		84E37BF120A02D3B0031DEEE /* PBXTargetDependency */ = {
			isa = PBXTargetDependency;
			target = 84E37BDA20A02D390031DEEE /* iOSDeveloperDemo */;
			targetProxy = 84E37BF020A02D3B0031DEEE /* PBXContainerItemProxy */;
		};
/* End PBXTargetDependency section */

/* Begin PBXVariantGroup section */
		84E37BE220A02D390031DEEE /* Main.storyboard */ = {
			isa = PBXVariantGroup;
			children = (
				84E37BE320A02D390031DEEE /* Base */,
			);
			name = Main.storyboard;
			sourceTree = "<group>";
		};
		84E37BE720A02D3B0031DEEE /* LaunchScreen.storyboard */ = {
			isa = PBXVariantGroup;
			children = (
				84E37BE820A02D3B0031DEEE /* Base */,
			);
			name = LaunchScreen.storyboard;
			sourceTree = "<group>";
		};
/* End PBXVariantGroup section */

/* Begin XCBuildConfiguration section */
		84E37BF620A02D3B0031DEEE /* Debug */ = {
			isa = XCBuildConfiguration;
			buildSettings = {
				ALWAYS_SEARCH_USER_PATHS = NO;
				CLANG_ANALYZER_NONNULL = YES;
				CLANG_ANALYZER_NUMBER_OBJECT_CONVERSION = YES_AGGRESSIVE;
				CLANG_CXX_LANGUAGE_STANDARD = "gnu++14";
				CLANG_CXX_LIBRARY = "libc++";
				CLANG_ENABLE_MODULES = YES;
				CLANG_ENABLE_OBJC_ARC = YES;
				CLANG_ENABLE_OBJC_WEAK = YES;
				CLANG_WARN_BLOCK_CAPTURE_AUTORELEASING = YES;
				CLANG_WARN_BOOL_CONVERSION = YES;
				CLANG_WARN_COMMA = YES;
				CLANG_WARN_CONSTANT_CONVERSION = YES;
				CLANG_WARN_DEPRECATED_OBJC_IMPLEMENTATIONS = YES;
				CLANG_WARN_DIRECT_OBJC_ISA_USAGE = YES_ERROR;
				CLANG_WARN_DOCUMENTATION_COMMENTS = YES;
				CLANG_WARN_EMPTY_BODY = YES;
				CLANG_WARN_ENUM_CONVERSION = YES;
				CLANG_WARN_INFINITE_RECURSION = YES;
				CLANG_WARN_INT_CONVERSION = YES;
				CLANG_WARN_NON_LITERAL_NULL_CONVERSION = YES;
				CLANG_WARN_OBJC_IMPLICIT_RETAIN_SELF = YES;
				CLANG_WARN_OBJC_LITERAL_CONVERSION = YES;
				CLANG_WARN_OBJC_ROOT_CLASS = YES_ERROR;
				CLANG_WARN_RANGE_LOOP_ANALYSIS = YES;
				CLANG_WARN_STRICT_PROTOTYPES = YES;
				CLANG_WARN_SUSPICIOUS_MOVE = YES;
				CLANG_WARN_UNGUARDED_AVAILABILITY = YES_AGGRESSIVE;
				CLANG_WARN_UNREACHABLE_CODE = YES;
				CLANG_WARN__DUPLICATE_METHOD_MATCH = YES;
				CODE_SIGN_IDENTITY = "iPhone Developer";
				COPY_PHASE_STRIP = NO;
				DEBUG_INFORMATION_FORMAT = dwarf;
				ENABLE_STRICT_OBJC_MSGSEND = YES;
				ENABLE_TESTABILITY = YES;
				GCC_C_LANGUAGE_STANDARD = gnu11;
				GCC_DYNAMIC_NO_PIC = NO;
				GCC_NO_COMMON_BLOCKS = YES;
				GCC_OPTIMIZATION_LEVEL = 0;
				GCC_PREPROCESSOR_DEFINITIONS = (
					"DEBUG=1",
					"$(inherited)",
				);
				GCC_WARN_64_TO_32_BIT_CONVERSION = YES;
				GCC_WARN_ABOUT_RETURN_TYPE = YES_ERROR;
				GCC_WARN_UNDECLARED_SELECTOR = YES;
				GCC_WARN_UNINITIALIZED_AUTOS = YES_AGGRESSIVE;
				GCC_WARN_UNUSED_FUNCTION = YES;
				GCC_WARN_UNUSED_VARIABLE = YES;
				IPHONEOS_DEPLOYMENT_TARGET = 11.3;
				MTL_ENABLE_DEBUG_INFO = YES;
				ONLY_ACTIVE_ARCH = YES;
				SDKROOT = iphoneos;
				SWIFT_ACTIVE_COMPILATION_CONDITIONS = DEBUG;
				SWIFT_OPTIMIZATION_LEVEL = "-Onone";
			};
			name = Debug;
		};
		84E37BF720A02D3B0031DEEE /* Release */ = {
			isa = XCBuildConfiguration;
			buildSettings = {
				ALWAYS_SEARCH_USER_PATHS = NO;
				CLANG_ANALYZER_NONNULL = YES;
				CLANG_ANALYZER_NUMBER_OBJECT_CONVERSION = YES_AGGRESSIVE;
				CLANG_CXX_LANGUAGE_STANDARD = "gnu++14";
				CLANG_CXX_LIBRARY = "libc++";
				CLANG_ENABLE_MODULES = YES;
				CLANG_ENABLE_OBJC_ARC = YES;
				CLANG_ENABLE_OBJC_WEAK = YES;
				CLANG_WARN_BLOCK_CAPTURE_AUTORELEASING = YES;
				CLANG_WARN_BOOL_CONVERSION = YES;
				CLANG_WARN_COMMA = YES;
				CLANG_WARN_CONSTANT_CONVERSION = YES;
				CLANG_WARN_DEPRECATED_OBJC_IMPLEMENTATIONS = YES;
				CLANG_WARN_DIRECT_OBJC_ISA_USAGE = YES_ERROR;
				CLANG_WARN_DOCUMENTATION_COMMENTS = YES;
				CLANG_WARN_EMPTY_BODY = YES;
				CLANG_WARN_ENUM_CONVERSION = YES;
				CLANG_WARN_INFINITE_RECURSION = YES;
				CLANG_WARN_INT_CONVERSION = YES;
				CLANG_WARN_NON_LITERAL_NULL_CONVERSION = YES;
				CLANG_WARN_OBJC_IMPLICIT_RETAIN_SELF = YES;
				CLANG_WARN_OBJC_LITERAL_CONVERSION = YES;
				CLANG_WARN_OBJC_ROOT_CLASS = YES_ERROR;
				CLANG_WARN_RANGE_LOOP_ANALYSIS = YES;
				CLANG_WARN_STRICT_PROTOTYPES = YES;
				CLANG_WARN_SUSPICIOUS_MOVE = YES;
				CLANG_WARN_UNGUARDED_AVAILABILITY = YES_AGGRESSIVE;
				CLANG_WARN_UNREACHABLE_CODE = YES;
				CLANG_WARN__DUPLICATE_METHOD_MATCH = YES;
				CODE_SIGN_IDENTITY = "iPhone Developer";
				COPY_PHASE_STRIP = NO;
				DEBUG_INFORMATION_FORMAT = "dwarf-with-dsym";
				ENABLE_NS_ASSERTIONS = NO;
				ENABLE_STRICT_OBJC_MSGSEND = YES;
				GCC_C_LANGUAGE_STANDARD = gnu11;
				GCC_NO_COMMON_BLOCKS = YES;
				GCC_WARN_64_TO_32_BIT_CONVERSION = YES;
				GCC_WARN_ABOUT_RETURN_TYPE = YES_ERROR;
				GCC_WARN_UNDECLARED_SELECTOR = YES;
				GCC_WARN_UNINITIALIZED_AUTOS = YES_AGGRESSIVE;
				GCC_WARN_UNUSED_FUNCTION = YES;
				GCC_WARN_UNUSED_VARIABLE = YES;
				IPHONEOS_DEPLOYMENT_TARGET = 11.3;
				MTL_ENABLE_DEBUG_INFO = NO;
				SDKROOT = iphoneos;
				SWIFT_COMPILATION_MODE = wholemodule;
				SWIFT_OPTIMIZATION_LEVEL = "-O";
				VALIDATE_PRODUCT = YES;
			};
			name = Release;
		};
		84E37BF920A02D3B0031DEEE /* Debug */ = {
			isa = XCBuildConfiguration;
			buildSettings = {
				ASSETCATALOG_COMPILER_APPICON_NAME = AppIcon;
				CODE_SIGN_STYLE = Automatic;
				DEVELOPMENT_TEAM = SF5VKU74NM;
				INFOPLIST_FILE = iOSDeveloperDemo/Info.plist;
				LD_RUNPATH_SEARCH_PATHS = (
					"$(inherited)",
					"@executable_path/Frameworks",
				);
				PRODUCT_BUNDLE_IDENTIFIER = "ZJ-11.iOSDeveloperDemo";
				PRODUCT_NAME = "$(TARGET_NAME)";
				SWIFT_VERSION = 4.0;
				TARGETED_DEVICE_FAMILY = 1;
			};
			name = Debug;
		};
		84E37BFA20A02D3B0031DEEE /* Release */ = {
			isa = XCBuildConfiguration;
			buildSettings = {
				ASSETCATALOG_COMPILER_APPICON_NAME = AppIcon;
				CODE_SIGN_STYLE = Automatic;
				DEVELOPMENT_TEAM = SF5VKU74NM;
				INFOPLIST_FILE = iOSDeveloperDemo/Info.plist;
				LD_RUNPATH_SEARCH_PATHS = (
					"$(inherited)",
					"@executable_path/Frameworks",
				);
				PRODUCT_BUNDLE_IDENTIFIER = "ZJ-11.iOSDeveloperDemo";
				PRODUCT_NAME = "$(TARGET_NAME)";
				SWIFT_VERSION = 4.0;
				TARGETED_DEVICE_FAMILY = 1;
			};
			name = Release;
		};
		84E37BFC20A02D3B0031DEEE /* Debug */ = {
			isa = XCBuildConfiguration;
			buildSettings = {
				ALWAYS_EMBED_SWIFT_STANDARD_LIBRARIES = YES;
				BUNDLE_LOADER = "$(TEST_HOST)";
				CODE_SIGN_STYLE = Automatic;
				DEVELOPMENT_TEAM = SF5VKU74NM;
				INFOPLIST_FILE = iOSDeveloperDemoTests/Info.plist;
				LD_RUNPATH_SEARCH_PATHS = (
					"$(inherited)",
					"@executable_path/Frameworks",
					"@loader_path/Frameworks",
				);
				PRODUCT_BUNDLE_IDENTIFIER = "ZJ-11.iOSDeveloperDemoTests";
				PRODUCT_NAME = "$(TARGET_NAME)";
				SWIFT_VERSION = 4.0;
				TARGETED_DEVICE_FAMILY = "1,2";
				TEST_HOST = "$(BUILT_PRODUCTS_DIR)/iOSDeveloperDemo.app/iOSDeveloperDemo";
			};
			name = Debug;
		};
		84E37BFD20A02D3B0031DEEE /* Release */ = {
			isa = XCBuildConfiguration;
			buildSettings = {
				ALWAYS_EMBED_SWIFT_STANDARD_LIBRARIES = YES;
				BUNDLE_LOADER = "$(TEST_HOST)";
				CODE_SIGN_STYLE = Automatic;
				DEVELOPMENT_TEAM = SF5VKU74NM;
				INFOPLIST_FILE = iOSDeveloperDemoTests/Info.plist;
				LD_RUNPATH_SEARCH_PATHS = (
					"$(inherited)",
					"@executable_path/Frameworks",
					"@loader_path/Frameworks",
				);
				PRODUCT_BUNDLE_IDENTIFIER = "ZJ-11.iOSDeveloperDemoTests";
				PRODUCT_NAME = "$(TARGET_NAME)";
				SWIFT_VERSION = 4.0;
				TARGETED_DEVICE_FAMILY = "1,2";
				TEST_HOST = "$(BUILT_PRODUCTS_DIR)/iOSDeveloperDemo.app/iOSDeveloperDemo";
			};
			name = Release;
		};
/* End XCBuildConfiguration section */

/* Begin XCConfigurationList section */
		84E37BD620A02D390031DEEE /* Build configuration list for PBXProject "iOSDeveloperDemo" */ = {
			isa = XCConfigurationList;
			buildConfigurations = (
				84E37BF620A02D3B0031DEEE /* Debug */,
				84E37BF720A02D3B0031DEEE /* Release */,
			);
			defaultConfigurationIsVisible = 0;
			defaultConfigurationName = Release;
		};
		84E37BF820A02D3B0031DEEE /* Build configuration list for PBXNativeTarget "iOSDeveloperDemo" */ = {
			isa = XCConfigurationList;
			buildConfigurations = (
				84E37BF920A02D3B0031DEEE /* Debug */,
				84E37BFA20A02D3B0031DEEE /* Release */,
			);
			defaultConfigurationIsVisible = 0;
			defaultConfigurationName = Release;
		};
		84E37BFB20A02D3B0031DEEE /* Build configuration list for PBXNativeTarget "iOSDeveloperDemoTests" */ = {
			isa = XCConfigurationList;
			buildConfigurations = (
				84E37BFC20A02D3B0031DEEE /* Debug */,
				84E37BFD20A02D3B0031DEEE /* Release */,
			);
			defaultConfigurationIsVisible = 0;
			defaultConfigurationName = Release;
		};
/* End XCConfigurationList section */
	};
	rootObject = 84E37BD320A02D390031DEEE /* Project object */;
}
